<?xml version="1.0" encoding="utf-8"?>
<Project ToolsVersion="4.0" xmlns="http://schemas.microsoft.com/developer/msbuild/2003">
  <ItemGroup>
    <Filter Include="Source Files">
      <UniqueIdentifier>{4FC737F1-C7A5-4376-A066-2A32D752A2FF}</UniqueIdentifier>
      <Extensions>cpp;c;cc;cxx;def;odl;idl;hpj;bat;asm;asmx</Extensions>
    </Filter>
    <Filter Include="Header Files">
      <UniqueIdentifier>{93995380-89BD-4b04-88EB-625FBE52EBFB}</UniqueIdentifier>
      <Extensions>h;hh;hpp;hxx;hm;inl;inc;xsd</Extensions>
    </Filter>
    <Filter Include="Resource Files">
      <UniqueIdentifier>{67DA6AB6-F800-4c08-8B7A-83BB121AAD01}</UniqueIdentifier>
      <Extensions>rc;ico;cur;bmp;dlg;rc2;rct;bin;rgs;gif;jpg;jpeg;jpe;resx;tiff;tif;png;wav;mfcribbon-ms</Extensions>
    </Filter>
    <Filter Include="Header Files\Macro">
      <UniqueIdentifier>{ac205bcf-be98-4dbb-b46e-aa978d61b31a}</UniqueIdentifier>
    </Filter>
    <Filter Include="Header Files\Misc">
      <UniqueIdentifier>{c6d0c215-2219-49f6-b0b5-de1d6b5ed174}</UniqueIdentifier>
    </Filter>
    <Filter Include="Header Files\Strategy">
      <UniqueIdentifier>{13b85d1a-061e-48a4-be49-5e61caf51a2b}</UniqueIdentifier>
    </Filter>
    <Filter Include="Header Files\Enemy">
      <UniqueIdentifier>{8c2f1e8e-5e92-4d2d-a2b5-a2ad38f51910}</UniqueIdentifier>
    </Filter>
    <Filter Include="Source Files\Macro">
      <UniqueIdentifier>{ae911851-bf5a-43b6-bfcd-6b5fb649dd86}</UniqueIdentifier>
    </Filter>
    <Filter Include="Source Files\Misc">
      <UniqueIdentifier>{48e00cb3-223f-4043-8c65-7964dec67cd9}</UniqueIdentifier>
    </Filter>
    <Filter Include="Source Files\Enemy">
      <UniqueIdentifier>{e3342420-c8ec-4c31-80be-a44a397d7cd0}</UniqueIdentifier>
    </Filter>
    <Filter Include="Source Files\Strategy">
      <UniqueIdentifier>{55e55b89-0f17-42af-9f4b-59c37becfb0a}</UniqueIdentifier>
    </Filter>
    <Filter Include="Header Files\Army">
      <UniqueIdentifier>{674cf0cd-f08c-4de1-acb5-94e4b0b95cb3}</UniqueIdentifier>
    </Filter>
    <Filter Include="Source Files\Army">
      <UniqueIdentifier>{961a545d-1161-4baa-a09c-c64af4f8200a}</UniqueIdentifier>
    </Filter>
    <Filter Include="Source Files\Misc\Pathfinding">
      <UniqueIdentifier>{abe7a662-c39d-4317-9428-2b65e3a3d194}</UniqueIdentifier>
    </Filter>
  </ItemGroup>
  <ItemGroup>
    <ClCompile Include="src\Area.cpp">
      <Filter>Source Files\Strategy</Filter>
    </ClCompile>
    <ClCompile Include="src\Builder.cpp">
      <Filter>Source Files\Macro</Filter>
    </ClCompile>
    <ClCompile Include="src\Config.cpp">
      <Filter>Source Files\Misc</Filter>
    </ClCompile>
    <ClCompile Include="src\Debug.cpp">
      <Filter>Source Files\Misc</Filter>
    </ClCompile>
    <ClCompile Include="src\Enemy.cpp">
      <Filter>Source Files\Enemy</Filter>
    </ClCompile>
    <ClCompile Include="src\EnemyUnit.cpp">
      <Filter>Source Files\Enemy</Filter>
    </ClCompile>
    <ClCompile Include="src\Map.cpp">
      <Filter>Source Files\Strategy</Filter>
    </ClCompile>
    <ClCompile Include="src\Squad.cpp">
      <Filter>Source Files\Army</Filter>
    </ClCompile>
    <ClCompile Include="src\SquadUnit.cpp">
      <Filter>Source Files\Army</Filter>
    </ClCompile>
    <ClCompile Include="src\Strategy.cpp">
      <Filter>Source Files\Strategy</Filter>
    </ClCompile>
    <ClCompile Include="src\Util.cpp">
      <Filter>Source Files\Misc</Filter>
    </ClCompile>
    <ClCompile Include="src\Planned.cpp">
      <Filter>Source Files\Macro</Filter>
    </ClCompile>
    <ClCompile Include="src\Base.cpp">
      <Filter>Source Files\Macro</Filter>
    </ClCompile>
    <ClCompile Include="src\Worker.cpp">
      <Filter>Source Files\Macro</Filter>
    </ClCompile>
    <ClCompile Include="src\Mineral.cpp">
      <Filter>Source Files\Macro</Filter>
    </ClCompile>
    <ClCompile Include="src\Geyser.cpp">
      <Filter>Source Files\Macro</Filter>
    </ClCompile>
    <ClCompile Include="src\Macro.cpp">
      <Filter>Source Files\Macro</Filter>
    </ClCompile>
    <ClCompile Include="src\Tech.cpp">
      <Filter>Source Files\Macro</Filter>
    </ClCompile>
    <ClCompile Include="src\Army.cpp">
      <Filter>Source Files\Army</Filter>
    </ClCompile>
    <ClCompile Include="src\BlackCrow.cpp">
      <Filter>Source Files</Filter>
    </ClCompile>
    <ClCompile Include="src\UnitMix.cpp">
      <Filter>Source Files\Strategy</Filter>
    </ClCompile>
    <ClCompile Include="src\Overlords.cpp">
      <Filter>Source Files\Army</Filter>
    </ClCompile>
    <ClCompile Include="src\Bricks.cpp">
      <Filter>Source Files\Strategy</Filter>
    </ClCompile>
    <ClCompile Include="src\Client.cpp">
      <Filter>Source Files</Filter>
    </ClCompile>
    <ClCompile Include="src\AStar.cpp">
      <Filter>Source Files\Misc\Pathfinding</Filter>
    </ClCompile>
    <ClCompile Include="src\PathFinder.cpp">
      <Filter>Source Files\Misc\Pathfinding</Filter>
    </ClCompile>
  </ItemGroup>
  <ItemGroup>
    <ClInclude Include="src\Army.h">
      <Filter>Source Files\Army</Filter>
    </ClInclude>
    <ClInclude Include="src\Squad.h">
      <Filter>Source Files\Army</Filter>
    </ClInclude>
    <ClInclude Include="src\SquadUnit.h">
      <Filter>Source Files\Army</Filter>
    </ClInclude>
    <ClInclude Include="src\Enemy.h">
      <Filter>Source Files\Enemy</Filter>
    </ClInclude>
    <ClInclude Include="src\EnemyUnit.h">
      <Filter>Source Files\Enemy</Filter>
    </ClInclude>
    <ClInclude Include="src\Base.h">
      <Filter>Source Files\Macro</Filter>
    </ClInclude>
    <ClInclude Include="src\Builder.h">
      <Filter>Source Files\Macro</Filter>
    </ClInclude>
    <ClInclude Include="src\Geyser.h">
      <Filter>Source Files\Macro</Filter>
    </ClInclude>
    <ClInclude Include="src\Macro.h">
      <Filter>Source Files\Macro</Filter>
    </ClInclude>
    <ClInclude Include="src\Mineral.h">
      <Filter>Source Files\Macro</Filter>
    </ClInclude>
    <ClInclude Include="src\Planned.h">
      <Filter>Source Files\Macro</Filter>
    </ClInclude>
    <ClInclude Include="src\Tech.h">
      <Filter>Source Files\Macro</Filter>
    </ClInclude>
    <ClInclude Include="src\Worker.h">
      <Filter>Source Files\Macro</Filter>
    </ClInclude>
    <ClInclude Include="src\Common.h">
      <Filter>Source Files\Misc</Filter>
    </ClInclude>
    <ClInclude Include="src\Config.h">
      <Filter>Source Files\Misc</Filter>
    </ClInclude>
    <ClInclude Include="src\Debug.h">
      <Filter>Source Files\Misc</Filter>
    </ClInclude>
    <ClInclude Include="src\Util.h">
      <Filter>Source Files\Misc</Filter>
    </ClInclude>
    <ClInclude Include="src\Area.h">
      <Filter>Source Files\Strategy</Filter>
    </ClInclude>
    <ClInclude Include="src\Map.h">
      <Filter>Source Files\Strategy</Filter>
    </ClInclude>
    <ClInclude Include="src\Strategy.h">
      <Filter>Source Files\Strategy</Filter>
    </ClInclude>
    <ClInclude Include="src\UnitMix.h">
      <Filter>Source Files\Strategy</Filter>
    </ClInclude>
    <ClInclude Include="src\BlackCrow.h">
      <Filter>Source Files</Filter>
    </ClInclude>
    <ClInclude Include="src\Overlords.h">
      <Filter>Source Files\Army</Filter>
    </ClInclude>
    <ClInclude Include="src\Bricks.h">
      <Filter>Source Files\Strategy</Filter>
    </ClInclude>
    <ClInclude Include="src\AStar.h">
      <Filter>Source Files\Misc\Pathfinding</Filter>
    </ClInclude>
    <ClInclude Include="src\PathFinder.h">
      <Filter>Source Files\Misc\Pathfinding</Filter>
    </ClInclude>
    <ClInclude Include="src\PriorityQueue.h">
      <Filter>Source Files\Misc\Pathfinding</Filter>
    </ClInclude>
  </ItemGroup>
</Project>